
Microsoft Visual Studio Solution File, Format Version 12.00
Project("{FAE04EC0-301F-11D3-BF4B-00C04F79EFBC}") = "zad6_apbd", "zad6_apbd\zad6_apbd.csproj", "{59C2DEDA-206F-4BED-BB7C-ED2801C04BFE}"
EndProject
Global
	GlobalSection(SolutionConfigurationPlatforms) = preSolution
		Debug|Any CPU = Debug|Any CPU
		Release|Any CPU = Release|Any CPU
	EndGlobalSection
	GlobalSection(ProjectConfigurationPlatforms) = postSolution
		{59C2DEDA-206F-4BED-BB7C-ED2801C04BFE}.Debug|Any CPU.ActiveCfg = Debug|Any CPU
		{59C2DEDA-206F-4BED-BB7C-ED2801C04BFE}.Debug|Any CPU.Build.0 = Debug|Any CPU
		{59C2DEDA-206F-4BED-BB7C-ED2801C04BFE}.Release|Any CPU.ActiveCfg = Release|Any CPU
		{59C2DEDA-206F-4BED-BB7C-ED2801C04BFE}.Release|Any CPU.Build.0 = Release|Any CPU
	EndGlobalSection
EndGlobal
